
Microsoft Visual Studio Solution File, Format Version 12.00
# Visual Studio Version 16
VisualStudioVersion = 16.0.31205.134
MinimumVisualStudioVersion = 10.0.40219.1
Project("{FAE04EC0-301F-11D3-BF4B-00C04F79EFBC}") = "eShopSolution.WebApp", "eShopSolution.WebApp\eShopSolution.WebApp.csproj", "{F686FA5F-B325-4BF6-B014-5723748DB0C3}"
EndProject
Project("{2150E333-8FDC-42A3-9474-1A3956D46DE8}") = "Solution Items", "Solution Items", "{A8323A85-F761-43A6-9815-106D2725E1F8}"
	ProjectSection(SolutionItems) = preProject
		README.md = README.md
	EndProjectSection
EndProject
Global
	GlobalSection(SolutionConfigurationPlatforms) = preSolution
		Debug|Any CPU = Debug|Any CPU
		Release|Any CPU = Release|Any CPU
	EndGlobalSection
	GlobalSection(ProjectConfigurationPlatforms) = postSolution
		{F686FA5F-B325-4BF6-B014-5723748DB0C3}.Debug|Any CPU.ActiveCfg = Debug|Any CPU
		{F686FA5F-B325-4BF6-B014-5723748DB0C3}.Debug|Any CPU.Build.0 = Debug|Any CPU
		{F686FA5F-B325-4BF6-B014-5723748DB0C3}.Release|Any CPU.ActiveCfg = Release|Any CPU
		{F686FA5F-B325-4BF6-B014-5723748DB0C3}.Release|Any CPU.Build.0 = Release|Any CPU
	EndGlobalSection
	GlobalSection(SolutionProperties) = preSolution
		HideSolutionNode = FALSE
	EndGlobalSection
	GlobalSection(ExtensibilityGlobals) = postSolution
		SolutionGuid = {19528893-C060-47C8-A936-68DD006C5E63}
	EndGlobalSection
EndGlobal
